// !$*UTF8*$!
{
	archiveVersion = 1;
	classes = {
	};
	objectVersion = 46;
	objects = {

/* Begin PBXBuildFile section */
		39BB58D4C7E9CDB9783AC917 /* Pods_SegmentControllerDemo.framework in Frameworks */ = {isa = PBXBuildFile; fileRef = 047F708EDDFEF5054134CFB4 /* Pods_SegmentControllerDemo.framework */; };
		84BA8B4DED570204978EC1D8 /* Pods_SegmentControllerDemoTests.framework in Frameworks */ = {isa = PBXBuildFile; fileRef = 4194CC20F09AA58FF740704C /* Pods_SegmentControllerDemoTests.framework */; };
		E9047F541F90F6D9008306F0 /* PurchaseActiveCell.swift in Sources */ = {isa = PBXBuildFile; fileRef = E9047F521F90F6D9008306F0 /* PurchaseActiveCell.swift */; };
		E9047F551F90F6D9008306F0 /* PurchaseActiveCell.xib in Resources */ = {isa = PBXBuildFile; fileRef = E9047F531F90F6D9008306F0 /* PurchaseActiveCell.xib */; };
		E926FE1C1F8F64B7009629A2 /* NotificationListVC.swift in Sources */ = {isa = PBXBuildFile; fileRef = E926FE1B1F8F64B7009629A2 /* NotificationListVC.swift */; };
		E926FE1E1F8F65D9009629A2 /* Notification.storyboard in Resources */ = {isa = PBXBuildFile; fileRef = E926FE1D1F8F65D9009629A2 /* Notification.storyboard */; };
		E926FE211F8F6866009629A2 /* NotificationCell.swift in Sources */ = {isa = PBXBuildFile; fileRef = E926FE1F1F8F6866009629A2 /* NotificationCell.swift */; };
		E926FE221F8F6866009629A2 /* NotificationCell.xib in Resources */ = {isa = PBXBuildFile; fileRef = E926FE201F8F6866009629A2 /* NotificationCell.xib */; };
		E926FE241F8F6FEE009629A2 /* MyPurchase.storyboard in Resources */ = {isa = PBXBuildFile; fileRef = E926FE231F8F6FEE009629A2 /* MyPurchase.storyboard */; };
		E926FE2B1F8F83B2009629A2 /* ReviewListCell.swift in Sources */ = {isa = PBXBuildFile; fileRef = E926FE291F8F83B2009629A2 /* ReviewListCell.swift */; };
		E926FE2C1F8F83B2009629A2 /* ReviewListCell.xib in Resources */ = {isa = PBXBuildFile; fileRef = E926FE2A1F8F83B2009629A2 /* ReviewListCell.xib */; };
		E926FE2E1F8F8482009629A2 /* ReviewListVC.swift in Sources */ = {isa = PBXBuildFile; fileRef = E926FE2D1F8F8482009629A2 /* ReviewListVC.swift */; };
		E93B5EC11F83838B00B370D6 /* DealCell.swift in Sources */ = {isa = PBXBuildFile; fileRef = E93B5EBF1F83838B00B370D6 /* DealCell.swift */; };
		E93B5EC21F83838B00B370D6 /* DealCell.xib in Resources */ = {isa = PBXBuildFile; fileRef = E93B5EC01F83838B00B370D6 /* DealCell.xib */; };
		E93B5ED71F83891300B370D6 /* dealCollectionCell.swift in Sources */ = {isa = PBXBuildFile; fileRef = E93B5ED51F83891300B370D6 /* dealCollectionCell.swift */; };
		E93B5ED81F83891300B370D6 /* dealCollectionCell.xib in Resources */ = {isa = PBXBuildFile; fileRef = E93B5ED61F83891300B370D6 /* dealCollectionCell.xib */; };
		E93B5EDB1F838A0200B370D6 /* ViewMoreCollectionViewCell.swift in Sources */ = {isa = PBXBuildFile; fileRef = E93B5ED91F838A0200B370D6 /* ViewMoreCollectionViewCell.swift */; };
		E93B5EDC1F838A0200B370D6 /* ViewMoreCollectionViewCell.xib in Resources */ = {isa = PBXBuildFile; fileRef = E93B5EDA1F838A0200B370D6 /* ViewMoreCollectionViewCell.xib */; };
		E93B5EF01F839B2900B370D6 /* ViewMoreVC.swift in Sources */ = {isa = PBXBuildFile; fileRef = E93B5EEF1F839B2900B370D6 /* ViewMoreVC.swift */; };
		E93B5F361F83A22A00B370D6 /* FloatRatingView.swift in Sources */ = {isa = PBXBuildFile; fileRef = E93B5F351F83A22900B370D6 /* FloatRatingView.swift */; };
		E93BA3CA1F94C08C009E147A /* UIImage+Extensions.swift in Sources */ = {isa = PBXBuildFile; fileRef = E93BA3C91F94C08C009E147A /* UIImage+Extensions.swift */; };
		E93BA3CC1F94CC6D009E147A /* AlertVC.swift in Sources */ = {isa = PBXBuildFile; fileRef = E93BA3CB1F94CC6D009E147A /* AlertVC.swift */; };
		E95A3B281F875F67009F441D /* SubCategoryVC.swift in Sources */ = {isa = PBXBuildFile; fileRef = E95A3B271F875F67009F441D /* SubCategoryVC.swift */; };
		E95A3B2B1F87626A009F441D /* SubCategoryExpandedCell.swift in Sources */ = {isa = PBXBuildFile; fileRef = E95A3B291F87626A009F441D /* SubCategoryExpandedCell.swift */; };
		E95A3B2C1F87626A009F441D /* SubCategoryExpandedCell.xib in Resources */ = {isa = PBXBuildFile; fileRef = E95A3B2A1F87626A009F441D /* SubCategoryExpandedCell.xib */; };
		E95A3B2F1F876294009F441D /* SubCategoryCollapsedCell.swift in Sources */ = {isa = PBXBuildFile; fileRef = E95A3B2D1F876294009F441D /* SubCategoryCollapsedCell.swift */; };
		E95A3B301F876294009F441D /* SubCategoryCollapsedCell.xib in Resources */ = {isa = PBXBuildFile; fileRef = E95A3B2E1F876294009F441D /* SubCategoryCollapsedCell.xib */; };
		E95A3B321F8794A5009F441D /* FilterVC.swift in Sources */ = {isa = PBXBuildFile; fileRef = E95A3B311F8794A5009F441D /* FilterVC.swift */; };
		E95A3B351F87AA22009F441D /* FilterMainCategoryCell.swift in Sources */ = {isa = PBXBuildFile; fileRef = E95A3B331F87AA22009F441D /* FilterMainCategoryCell.swift */; };
		E95A3B361F87AA22009F441D /* FilterMainCategoryCell.xib in Resources */ = {isa = PBXBuildFile; fileRef = E95A3B341F87AA22009F441D /* FilterMainCategoryCell.xib */; };
		E95A3B391F87AC42009F441D /* FilterSubCategoryCell.swift in Sources */ = {isa = PBXBuildFile; fileRef = E95A3B371F87AC42009F441D /* FilterSubCategoryCell.swift */; };
		E95A3B3A1F87AC42009F441D /* FilterSubCategoryCell.xib in Resources */ = {isa = PBXBuildFile; fileRef = E95A3B381F87AC42009F441D /* FilterSubCategoryCell.xib */; };
		E95E3EF21F95D47300A84106 /* String+Extensions.swift in Sources */ = {isa = PBXBuildFile; fileRef = E95E3EF11F95D47300A84106 /* String+Extensions.swift */; };
		E95E3EF51F95FD1300A84106 /* PurchasePastCell.swift in Sources */ = {isa = PBXBuildFile; fileRef = E95E3EF31F95FD1300A84106 /* PurchasePastCell.swift */; };
		E95E3EF61F95FD1300A84106 /* PurchasePastCell.xib in Resources */ = {isa = PBXBuildFile; fileRef = E95E3EF41F95FD1300A84106 /* PurchasePastCell.xib */; };
		E95E3EF81F96001E00A84106 /* MyPurchasePastVC.swift in Sources */ = {isa = PBXBuildFile; fileRef = E95E3EF71F96001E00A84106 /* MyPurchasePastVC.swift */; };
		E9BBA7F31F7A623D00EF15A4 /* AppDelegate.swift in Sources */ = {isa = PBXBuildFile; fileRef = E9BBA7F21F7A623D00EF15A4 /* AppDelegate.swift */; };
		E9BBA7F51F7A623D00EF15A4 /* ViewController.swift in Sources */ = {isa = PBXBuildFile; fileRef = E9BBA7F41F7A623D00EF15A4 /* ViewController.swift */; };
		E9BBA7F81F7A623D00EF15A4 /* Main.storyboard in Resources */ = {isa = PBXBuildFile; fileRef = E9BBA7F61F7A623D00EF15A4 /* Main.storyboard */; };
		E9BBA7FA1F7A623D00EF15A4 /* Assets.xcassets in Resources */ = {isa = PBXBuildFile; fileRef = E9BBA7F91F7A623D00EF15A4 /* Assets.xcassets */; };
		E9BBA7FD1F7A623D00EF15A4 /* LaunchScreen.storyboard in Resources */ = {isa = PBXBuildFile; fileRef = E9BBA7FB1F7A623D00EF15A4 /* LaunchScreen.storyboard */; };
		E9BBA8081F7A623E00EF15A4 /* SegmentControllerDemoTests.swift in Sources */ = {isa = PBXBuildFile; fileRef = E9BBA8071F7A623E00EF15A4 /* SegmentControllerDemoTests.swift */; };
		E9BBA8131F7A627700EF15A4 /* ScrollableSegmentedControl.swift in Sources */ = {isa = PBXBuildFile; fileRef = E9BBA8121F7A627700EF15A4 /* ScrollableSegmentedControl.swift */; };
		E9BBA8151F7A650E00EF15A4 /* RedViewController.swift in Sources */ = {isa = PBXBuildFile; fileRef = E9BBA8141F7A650E00EF15A4 /* RedViewController.swift */; };
		E9BBA8171F7A651800EF15A4 /* GreenViewController.swift in Sources */ = {isa = PBXBuildFile; fileRef = E9BBA8161F7A651800EF15A4 /* GreenViewController.swift */; };
		E9BBA8191F7A652A00EF15A4 /* BlueViewController.swift in Sources */ = {isa = PBXBuildFile; fileRef = E9BBA8181F7A652A00EF15A4 /* BlueViewController.swift */; };
		E9BE12D61F85F63A005696E4 /* AwfirLabel.swift in Sources */ = {isa = PBXBuildFile; fileRef = E9BE12D51F85F63A005696E4 /* AwfirLabel.swift */; };
		E9BE12D81F85FDF0005696E4 /* AwfirButton.swift in Sources */ = {isa = PBXBuildFile; fileRef = E9BE12D71F85FDF0005696E4 /* AwfirButton.swift */; };
		E9BE12DA1F86025C005696E4 /* HomeVC.swift in Sources */ = {isa = PBXBuildFile; fileRef = E9BE12D91F86025C005696E4 /* HomeVC.swift */; };
		E9BE12DC1F8609C5005696E4 /* UINavigation+Extensions.swift in Sources */ = {isa = PBXBuildFile; fileRef = E9BE12DB1F8609C5005696E4 /* UINavigation+Extensions.swift */; };
		E9BE12DE1F860A02005696E4 /* UIFont+Extensions.swift in Sources */ = {isa = PBXBuildFile; fileRef = E9BE12DD1F860A02005696E4 /* UIFont+Extensions.swift */; };
		E9BE12E01F862FFE005696E4 /* SettingVC.swift in Sources */ = {isa = PBXBuildFile; fileRef = E9BE12DF1F862FFE005696E4 /* SettingVC.swift */; };
		E9BE12E31F8639B7005696E4 /* SettingCell.swift in Sources */ = {isa = PBXBuildFile; fileRef = E9BE12E11F8639B7005696E4 /* SettingCell.swift */; };
		E9BE12E41F8639B7005696E4 /* SettingCell.xib in Resources */ = {isa = PBXBuildFile; fileRef = E9BE12E21F8639B7005696E4 /* SettingCell.xib */; };
		E9BE12E61F863D2B005696E4 /* CGFloat+Extensions.swift in Sources */ = {isa = PBXBuildFile; fileRef = E9BE12E51F863D2B005696E4 /* CGFloat+Extensions.swift */; };
		E9BE12E81F863D55005696E4 /* Constant.swift in Sources */ = {isa = PBXBuildFile; fileRef = E9BE12E71F863D55005696E4 /* Constant.swift */; };
		E9BE12EC1F8643DF005696E4 /* HelpVC.swift in Sources */ = {isa = PBXBuildFile; fileRef = E9BE12EB1F8643DF005696E4 /* HelpVC.swift */; };
		E9BE12EE1F86561B005696E4 /* MyProfileVC.swift in Sources */ = {isa = PBXBuildFile; fileRef = E9BE12ED1F86561A005696E4 /* MyProfileVC.swift */; };
		E9BE12F11F865F89005696E4 /* MyProfileExpandedCell.swift in Sources */ = {isa = PBXBuildFile; fileRef = E9BE12EF1F865F89005696E4 /* MyProfileExpandedCell.swift */; };
		E9BE12F21F865F89005696E4 /* MyProfileExpandedCell.xib in Resources */ = {isa = PBXBuildFile; fileRef = E9BE12F01F865F89005696E4 /* MyProfileExpandedCell.xib */; };
		E9BE12F51F865FBC005696E4 /* MyProfileCollapsedCell.swift in Sources */ = {isa = PBXBuildFile; fileRef = E9BE12F31F865FBC005696E4 /* MyProfileCollapsedCell.swift */; };
		E9BE12F61F865FBC005696E4 /* MyProfileCollapsedCell.xib in Resources */ = {isa = PBXBuildFile; fileRef = E9BE12F41F865FBC005696E4 /* MyProfileCollapsedCell.xib */; };
		E9CBCF341F8B93820038F111 /* DealDetailVC.swift in Sources */ = {isa = PBXBuildFile; fileRef = E9CBCF331F8B93820038F111 /* DealDetailVC.swift */; };
		E9CBCF371F8B9A580038F111 /* DealDetailExpandedCell.swift in Sources */ = {isa = PBXBuildFile; fileRef = E9CBCF351F8B9A580038F111 /* DealDetailExpandedCell.swift */; };
		E9CBCF381F8B9A580038F111 /* DealDetailExpandedCell.xib in Resources */ = {isa = PBXBuildFile; fileRef = E9CBCF361F8B9A580038F111 /* DealDetailExpandedCell.xib */; };
		E9CBCF3B1F8B9B350038F111 /* DealDetailCollapsedCell.swift in Sources */ = {isa = PBXBuildFile; fileRef = E9CBCF391F8B9B350038F111 /* DealDetailCollapsedCell.swift */; };
		E9CBCF3C1F8B9B350038F111 /* DealDetailCollapsedCell.xib in Resources */ = {isa = PBXBuildFile; fileRef = E9CBCF3A1F8B9B350038F111 /* DealDetailCollapsedCell.xib */; };
		E9DF40891F834E7300E1037D /* TZSegmentedControl.swift in Sources */ = {isa = PBXBuildFile; fileRef = E9DF40871F834E7200E1037D /* TZSegmentedControl.swift */; };
		E9DF408A1F834E7300E1037D /* TZScrollView.swift in Sources */ = {isa = PBXBuildFile; fileRef = E9DF40881F834E7200E1037D /* TZScrollView.swift */; };
		E9E337141F8C946C00207EE0 /* DealOfferCell.swift in Sources */ = {isa = PBXBuildFile; fileRef = E9E337121F8C946C00207EE0 /* DealOfferCell.swift */; };
		E9E337151F8C946C00207EE0 /* DealOfferCell.xib in Resources */ = {isa = PBXBuildFile; fileRef = E9E337131F8C946C00207EE0 /* DealOfferCell.xib */; };
		E9E337171F8C9BF300207EE0 /* GMStepper.swift in Sources */ = {isa = PBXBuildFile; fileRef = E9E337161F8C9BF300207EE0 /* GMStepper.swift */; };
		E9E3371B1F8CDD4B00207EE0 /* CartVC.swift in Sources */ = {isa = PBXBuildFile; fileRef = E9E3371A1F8CDD4B00207EE0 /* CartVC.swift */; };
		E9E3371E1F8CDE9600207EE0 /* CartCell.swift in Sources */ = {isa = PBXBuildFile; fileRef = E9E3371C1F8CDE9600207EE0 /* CartCell.swift */; };
		E9E3371F1F8CDE9600207EE0 /* CartCell.xib in Resources */ = {isa = PBXBuildFile; fileRef = E9E3371D1F8CDE9600207EE0 /* CartCell.xib */; };
		E9E337211F8CF62E00207EE0 /* MyPurchaseVC.swift in Sources */ = {isa = PBXBuildFile; fileRef = E9E337201F8CF62E00207EE0 /* MyPurchaseVC.swift */; };
		E9E62C011F84B8F5008C9618 /* CategoryListVC.swift in Sources */ = {isa = PBXBuildFile; fileRef = E9E62C001F84B8F5008C9618 /* CategoryListVC.swift */; };
		E9E62C041F84B9B0008C9618 /* CategoryListCell.swift in Sources */ = {isa = PBXBuildFile; fileRef = E9E62C021F84B9B0008C9618 /* CategoryListCell.swift */; };
		E9E62C051F84B9B0008C9618 /* CategoryListCell.xib in Resources */ = {isa = PBXBuildFile; fileRef = E9E62C031F84B9B0008C9618 /* CategoryListCell.xib */; };
		E9E62C071F84DDC2008C9618 /* FavoriteListVC.swift in Sources */ = {isa = PBXBuildFile; fileRef = E9E62C061F84DDC2008C9618 /* FavoriteListVC.swift */; };
		E9E62C1C1F84F72D008C9618 /* UIViewController+extensions.swift in Sources */ = {isa = PBXBuildFile; fileRef = E9E62C1B1F84F72D008C9618 /* UIViewController+extensions.swift */; };
		E9E62C1F1F84F7B2008C9618 /* FavoriteListCell.swift in Sources */ = {isa = PBXBuildFile; fileRef = E9E62C1D1F84F7B2008C9618 /* FavoriteListCell.swift */; };
		E9E62C201F84F7B2008C9618 /* FavoriteListCell.xib in Resources */ = {isa = PBXBuildFile; fileRef = E9E62C1E1F84F7B2008C9618 /* FavoriteListCell.xib */; };
/* End PBXBuildFile section */

/* Begin PBXContainerItemProxy section */
		E9BBA8041F7A623E00EF15A4 /* PBXContainerItemProxy */ = {
			isa = PBXContainerItemProxy;
			containerPortal = E9BBA7E71F7A623D00EF15A4 /* Project object */;
			proxyType = 1;
			remoteGlobalIDString = E9BBA7EE1F7A623D00EF15A4;
			remoteInfo = SegmentControllerDemo;
		};
/* End PBXContainerItemProxy section */

/* Begin PBXFileReference section */
		047F708EDDFEF5054134CFB4 /* Pods_SegmentControllerDemo.framework */ = {isa = PBXFileReference; explicitFileType = wrapper.framework; includeInIndex = 0; path = Pods_SegmentControllerDemo.framework; sourceTree = BUILT_PRODUCTS_DIR; };
		2ABE75B124C5047E2D3D3F5A /* Pods-SegmentControllerDemo.debug.xcconfig */ = {isa = PBXFileReference; includeInIndex = 1; lastKnownFileType = text.xcconfig; name = "Pods-SegmentControllerDemo.debug.xcconfig"; path = "Pods/Target Support Files/Pods-SegmentControllerDemo/Pods-SegmentControllerDemo.debug.xcconfig"; sourceTree = "<group>"; };
		352E137CEB8836B0BBD4F834 /* Pods-SegmentControllerDemoTests.debug.xcconfig */ = {isa = PBXFileReference; includeInIndex = 1; lastKnownFileType = text.xcconfig; name = "Pods-SegmentControllerDemoTests.debug.xcconfig"; path = "Pods/Target Support Files/Pods-SegmentControllerDemoTests/Pods-SegmentControllerDemoTests.debug.xcconfig"; sourceTree = "<group>"; };
		4194CC20F09AA58FF740704C /* Pods_SegmentControllerDemoTests.framework */ = {isa = PBXFileReference; explicitFileType = wrapper.framework; includeInIndex = 0; path = Pods_SegmentControllerDemoTests.framework; sourceTree = BUILT_PRODUCTS_DIR; };
		56B9B9262835FFD5D0FC2AD2 /* Pods-SegmentControllerDemo.release.xcconfig */ = {isa = PBXFileReference; includeInIndex = 1; lastKnownFileType = text.xcconfig; name = "Pods-SegmentControllerDemo.release.xcconfig"; path = "Pods/Target Support Files/Pods-SegmentControllerDemo/Pods-SegmentControllerDemo.release.xcconfig"; sourceTree = "<group>"; };
		8ED6DCA3C3FF2E3477927F74 /* Pods-SegmentControllerDemoTests.release.xcconfig */ = {isa = PBXFileReference; includeInIndex = 1; lastKnownFileType = text.xcconfig; name = "Pods-SegmentControllerDemoTests.release.xcconfig"; path = "Pods/Target Support Files/Pods-SegmentControllerDemoTests/Pods-SegmentControllerDemoTests.release.xcconfig"; sourceTree = "<group>"; };
		E9047F521F90F6D9008306F0 /* PurchaseActiveCell.swift */ = {isa = PBXFileReference; lastKnownFileType = sourcecode.swift; path = PurchaseActiveCell.swift; sourceTree = "<group>"; };
		E9047F531F90F6D9008306F0 /* PurchaseActiveCell.xib */ = {isa = PBXFileReference; lastKnownFileType = file.xib; path = PurchaseActiveCell.xib; sourceTree = "<group>"; };
		E926FE1B1F8F64B7009629A2 /* NotificationListVC.swift */ = {isa = PBXFileReference; lastKnownFileType = sourcecode.swift; path = NotificationListVC.swift; sourceTree = "<group>"; };
		E926FE1D1F8F65D9009629A2 /* Notification.storyboard */ = {isa = PBXFileReference; lastKnownFileType = file.storyboard; path = Notification.storyboard; sourceTree = "<group>"; };
		E926FE1F1F8F6866009629A2 /* NotificationCell.swift */ = {isa = PBXFileReference; lastKnownFileType = sourcecode.swift; path = NotificationCell.swift; sourceTree = "<group>"; };
		E926FE201F8F6866009629A2 /* NotificationCell.xib */ = {isa = PBXFileReference; lastKnownFileType = file.xib; path = NotificationCell.xib; sourceTree = "<group>"; };
		E926FE231F8F6FEE009629A2 /* MyPurchase.storyboard */ = {isa = PBXFileReference; lastKnownFileType = file.storyboard; path = MyPurchase.storyboard; sourceTree = "<group>"; };
		E926FE291F8F83B2009629A2 /* ReviewListCell.swift */ = {isa = PBXFileReference; lastKnownFileType = sourcecode.swift; path = ReviewListCell.swift; sourceTree = "<group>"; };
		E926FE2A1F8F83B2009629A2 /* ReviewListCell.xib */ = {isa = PBXFileReference; lastKnownFileType = file.xib; path = ReviewListCell.xib; sourceTree = "<group>"; };
		E926FE2D1F8F8482009629A2 /* ReviewListVC.swift */ = {isa = PBXFileReference; lastKnownFileType = sourcecode.swift; path = ReviewListVC.swift; sourceTree = "<group>"; };
		E93B5EBF1F83838B00B370D6 /* DealCell.swift */ = {isa = PBXFileReference; lastKnownFileType = sourcecode.swift; path = DealCell.swift; sourceTree = "<group>"; };
		E93B5EC01F83838B00B370D6 /* DealCell.xib */ = {isa = PBXFileReference; lastKnownFileType = file.xib; path = DealCell.xib; sourceTree = "<group>"; };
		E93B5ED51F83891300B370D6 /* dealCollectionCell.swift */ = {isa = PBXFileReference; lastKnownFileType = sourcecode.swift; path = dealCollectionCell.swift; sourceTree = "<group>"; };
		E93B5ED61F83891300B370D6 /* dealCollectionCell.xib */ = {isa = PBXFileReference; lastKnownFileType = file.xib; path = dealCollectionCell.xib; sourceTree = "<group>"; };
		E93B5ED91F838A0200B370D6 /* ViewMoreCollectionViewCell.swift */ = {isa = PBXFileReference; lastKnownFileType = sourcecode.swift; path = ViewMoreCollectionViewCell.swift; sourceTree = "<group>"; };
		E93B5EDA1F838A0200B370D6 /* ViewMoreCollectionViewCell.xib */ = {isa = PBXFileReference; lastKnownFileType = file.xib; path = ViewMoreCollectionViewCell.xib; sourceTree = "<group>"; };
		E93B5EDD1F8398CA00B370D6 /* SegmentControllerDemo-Bridging-Header.h */ = {isa = PBXFileReference; lastKnownFileType = sourcecode.c.h; path = "SegmentControllerDemo-Bridging-Header.h"; sourceTree = "<group>"; };
		E93B5EEF1F839B2900B370D6 /* ViewMoreVC.swift */ = {isa = PBXFileReference; lastKnownFileType = sourcecode.swift; path = ViewMoreVC.swift; sourceTree = "<group>"; };
		E93B5F351F83A22900B370D6 /* FloatRatingView.swift */ = {isa = PBXFileReference; lastKnownFileType = sourcecode.swift; path = FloatRatingView.swift; sourceTree = "<group>"; };
		E93BA3C91F94C08C009E147A /* UIImage+Extensions.swift */ = {isa = PBXFileReference; lastKnownFileType = sourcecode.swift; path = "UIImage+Extensions.swift"; sourceTree = "<group>"; };
		E93BA3CB1F94CC6D009E147A /* AlertVC.swift */ = {isa = PBXFileReference; lastKnownFileType = sourcecode.swift; path = AlertVC.swift; sourceTree = "<group>"; };
		E95A3B271F875F67009F441D /* SubCategoryVC.swift */ = {isa = PBXFileReference; lastKnownFileType = sourcecode.swift; path = SubCategoryVC.swift; sourceTree = "<group>"; };
		E95A3B291F87626A009F441D /* SubCategoryExpandedCell.swift */ = {isa = PBXFileReference; lastKnownFileType = sourcecode.swift; path = SubCategoryExpandedCell.swift; sourceTree = "<group>"; };
		E95A3B2A1F87626A009F441D /* SubCategoryExpandedCell.xib */ = {isa = PBXFileReference; lastKnownFileType = file.xib; path = SubCategoryExpandedCell.xib; sourceTree = "<group>"; };
		E95A3B2D1F876294009F441D /* SubCategoryCollapsedCell.swift */ = {isa = PBXFileReference; lastKnownFileType = sourcecode.swift; path = SubCategoryCollapsedCell.swift; sourceTree = "<group>"; };
		E95A3B2E1F876294009F441D /* SubCategoryCollapsedCell.xib */ = {isa = PBXFileReference; lastKnownFileType = file.xib; path = SubCategoryCollapsedCell.xib; sourceTree = "<group>"; };
		E95A3B311F8794A5009F441D /* FilterVC.swift */ = {isa = PBXFileReference; lastKnownFileType = sourcecode.swift; path = FilterVC.swift; sourceTree = "<group>"; };
		E95A3B331F87AA22009F441D /* FilterMainCategoryCell.swift */ = {isa = PBXFileReference; lastKnownFileType = sourcecode.swift; path = FilterMainCategoryCell.swift; sourceTree = "<group>"; };
		E95A3B341F87AA22009F441D /* FilterMainCategoryCell.xib */ = {isa = PBXFileReference; lastKnownFileType = file.xib; path = FilterMainCategoryCell.xib; sourceTree = "<group>"; };
		E95A3B371F87AC42009F441D /* FilterSubCategoryCell.swift */ = {isa = PBXFileReference; lastKnownFileType = sourcecode.swift; path = FilterSubCategoryCell.swift; sourceTree = "<group>"; };
		E95A3B381F87AC42009F441D /* FilterSubCategoryCell.xib */ = {isa = PBXFileReference; lastKnownFileType = file.xib; path = FilterSubCategoryCell.xib; sourceTree = "<group>"; };
		E95E3EF11F95D47300A84106 /* String+Extensions.swift */ = {isa = PBXFileReference; lastKnownFileType = sourcecode.swift; path = "String+Extensions.swift"; sourceTree = "<group>"; };
		E95E3EF31F95FD1300A84106 /* PurchasePastCell.swift */ = {isa = PBXFileReference; lastKnownFileType = sourcecode.swift; path = PurchasePastCell.swift; sourceTree = "<group>"; };
		E95E3EF41F95FD1300A84106 /* PurchasePastCell.xib */ = {isa = PBXFileReference; lastKnownFileType = file.xib; path = PurchasePastCell.xib; sourceTree = "<group>"; };
		E95E3EF71F96001E00A84106 /* MyPurchasePastVC.swift */ = {isa = PBXFileReference; lastKnownFileType = sourcecode.swift; path = MyPurchasePastVC.swift; sourceTree = "<group>"; };
		E9BBA7EF1F7A623D00EF15A4 /* SegmentControllerDemo.app */ = {isa = PBXFileReference; explicitFileType = wrapper.application; includeInIndex = 0; path = SegmentControllerDemo.app; sourceTree = BUILT_PRODUCTS_DIR; };
		E9BBA7F21F7A623D00EF15A4 /* AppDelegate.swift */ = {isa = PBXFileReference; lastKnownFileType = sourcecode.swift; path = AppDelegate.swift; sourceTree = "<group>"; };
		E9BBA7F41F7A623D00EF15A4 /* ViewController.swift */ = {isa = PBXFileReference; lastKnownFileType = sourcecode.swift; path = ViewController.swift; sourceTree = "<group>"; };
		E9BBA7F71F7A623D00EF15A4 /* Base */ = {isa = PBXFileReference; lastKnownFileType = file.storyboard; name = Base; path = Base.lproj/Main.storyboard; sourceTree = "<group>"; };
		E9BBA7F91F7A623D00EF15A4 /* Assets.xcassets */ = {isa = PBXFileReference; lastKnownFileType = folder.assetcatalog; path = Assets.xcassets; sourceTree = "<group>"; };
		E9BBA7FC1F7A623D00EF15A4 /* Base */ = {isa = PBXFileReference; lastKnownFileType = file.storyboard; name = Base; path = Base.lproj/LaunchScreen.storyboard; sourceTree = "<group>"; };
		E9BBA7FE1F7A623D00EF15A4 /* Info.plist */ = {isa = PBXFileReference; lastKnownFileType = text.plist.xml; path = Info.plist; sourceTree = "<group>"; };
		E9BBA8031F7A623E00EF15A4 /* SegmentControllerDemoTests.xctest */ = {isa = PBXFileReference; explicitFileType = wrapper.cfbundle; includeInIndex = 0; path = SegmentControllerDemoTests.xctest; sourceTree = BUILT_PRODUCTS_DIR; };
		E9BBA8071F7A623E00EF15A4 /* SegmentControllerDemoTests.swift */ = {isa = PBXFileReference; lastKnownFileType = sourcecode.swift; path = SegmentControllerDemoTests.swift; sourceTree = "<group>"; };
		E9BBA8091F7A623E00EF15A4 /* Info.plist */ = {isa = PBXFileReference; lastKnownFileType = text.plist.xml; path = Info.plist; sourceTree = "<group>"; };
		E9BBA8121F7A627700EF15A4 /* ScrollableSegmentedControl.swift */ = {isa = PBXFileReference; fileEncoding = 4; lastKnownFileType = sourcecode.swift; path = ScrollableSegmentedControl.swift; sourceTree = "<group>"; };
		E9BBA8141F7A650E00EF15A4 /* RedViewController.swift */ = {isa = PBXFileReference; fileEncoding = 4; lastKnownFileType = sourcecode.swift; path = RedViewController.swift; sourceTree = "<group>"; };
		E9BBA8161F7A651800EF15A4 /* GreenViewController.swift */ = {isa = PBXFileReference; fileEncoding = 4; lastKnownFileType = sourcecode.swift; path = GreenViewController.swift; sourceTree = "<group>"; };
		E9BBA8181F7A652A00EF15A4 /* BlueViewController.swift */ = {isa = PBXFileReference; fileEncoding = 4; lastKnownFileType = sourcecode.swift; path = BlueViewController.swift; sourceTree = "<group>"; };
		E9BE12D51F85F63A005696E4 /* AwfirLabel.swift */ = {isa = PBXFileReference; lastKnownFileType = sourcecode.swift; path = AwfirLabel.swift; sourceTree = "<group>"; };
		E9BE12D71F85FDF0005696E4 /* AwfirButton.swift */ = {isa = PBXFileReference; lastKnownFileType = sourcecode.swift; path = AwfirButton.swift; sourceTree = "<group>"; };
		E9BE12D91F86025C005696E4 /* HomeVC.swift */ = {isa = PBXFileReference; lastKnownFileType = sourcecode.swift; path = HomeVC.swift; sourceTree = "<group>"; };
		E9BE12DB1F8609C5005696E4 /* UINavigation+Extensions.swift */ = {isa = PBXFileReference; lastKnownFileType = sourcecode.swift; path = "UINavigation+Extensions.swift"; sourceTree = "<group>"; };
		E9BE12DD1F860A02005696E4 /* UIFont+Extensions.swift */ = {isa = PBXFileReference; lastKnownFileType = sourcecode.swift; path = "UIFont+Extensions.swift"; sourceTree = "<group>"; };
		E9BE12DF1F862FFE005696E4 /* SettingVC.swift */ = {isa = PBXFileReference; lastKnownFileType = sourcecode.swift; path = SettingVC.swift; sourceTree = "<group>"; };
		E9BE12E11F8639B7005696E4 /* SettingCell.swift */ = {isa = PBXFileReference; lastKnownFileType = sourcecode.swift; path = SettingCell.swift; sourceTree = "<group>"; };
		E9BE12E21F8639B7005696E4 /* SettingCell.xib */ = {isa = PBXFileReference; lastKnownFileType = file.xib; path = SettingCell.xib; sourceTree = "<group>"; };
		E9BE12E51F863D2B005696E4 /* CGFloat+Extensions.swift */ = {isa = PBXFileReference; lastKnownFileType = sourcecode.swift; path = "CGFloat+Extensions.swift"; sourceTree = "<group>"; };
		E9BE12E71F863D55005696E4 /* Constant.swift */ = {isa = PBXFileReference; lastKnownFileType = sourcecode.swift; path = Constant.swift; sourceTree = "<group>"; };
		E9BE12EB1F8643DF005696E4 /* HelpVC.swift */ = {isa = PBXFileReference; lastKnownFileType = sourcecode.swift; path = HelpVC.swift; sourceTree = "<group>"; };
		E9BE12ED1F86561A005696E4 /* MyProfileVC.swift */ = {isa = PBXFileReference; lastKnownFileType = sourcecode.swift; path = MyProfileVC.swift; sourceTree = "<group>"; };
		E9BE12EF1F865F89005696E4 /* MyProfileExpandedCell.swift */ = {isa = PBXFileReference; lastKnownFileType = sourcecode.swift; path = MyProfileExpandedCell.swift; sourceTree = "<group>"; };
		E9BE12F01F865F89005696E4 /* MyProfileExpandedCell.xib */ = {isa = PBXFileReference; lastKnownFileType = file.xib; path = MyProfileExpandedCell.xib; sourceTree = "<group>"; };
		E9BE12F31F865FBC005696E4 /* MyProfileCollapsedCell.swift */ = {isa = PBXFileReference; lastKnownFileType = sourcecode.swift; path = MyProfileCollapsedCell.swift; sourceTree = "<group>"; };
		E9BE12F41F865FBC005696E4 /* MyProfileCollapsedCell.xib */ = {isa = PBXFileReference; lastKnownFileType = file.xib; path = MyProfileCollapsedCell.xib; sourceTree = "<group>"; };
		E9CBCF331F8B93820038F111 /* DealDetailVC.swift */ = {isa = PBXFileReference; lastKnownFileType = sourcecode.swift; path = DealDetailVC.swift; sourceTree = "<group>"; };
		E9CBCF351F8B9A580038F111 /* DealDetailExpandedCell.swift */ = {isa = PBXFileReference; lastKnownFileType = sourcecode.swift; path = DealDetailExpandedCell.swift; sourceTree = "<group>"; };
		E9CBCF361F8B9A580038F111 /* DealDetailExpandedCell.xib */ = {isa = PBXFileReference; lastKnownFileType = file.xib; path = DealDetailExpandedCell.xib; sourceTree = "<group>"; };
		E9CBCF391F8B9B350038F111 /* DealDetailCollapsedCell.swift */ = {isa = PBXFileReference; lastKnownFileType = sourcecode.swift; path = DealDetailCollapsedCell.swift; sourceTree = "<group>"; };
		E9CBCF3A1F8B9B350038F111 /* DealDetailCollapsedCell.xib */ = {isa = PBXFileReference; lastKnownFileType = file.xib; path = DealDetailCollapsedCell.xib; sourceTree = "<group>"; };
		E9DF40871F834E7200E1037D /* TZSegmentedControl.swift */ = {isa = PBXFileReference; lastKnownFileType = sourcecode.swift; path = TZSegmentedControl.swift; sourceTree = "<group>"; };
		E9DF40881F834E7200E1037D /* TZScrollView.swift */ = {isa = PBXFileReference; lastKnownFileType = sourcecode.swift; path = TZScrollView.swift; sourceTree = "<group>"; };
		E9E337121F8C946C00207EE0 /* DealOfferCell.swift */ = {isa = PBXFileReference; lastKnownFileType = sourcecode.swift; path = DealOfferCell.swift; sourceTree = "<group>"; };
		E9E337131F8C946C00207EE0 /* DealOfferCell.xib */ = {isa = PBXFileReference; lastKnownFileType = file.xib; path = DealOfferCell.xib; sourceTree = "<group>"; };
		E9E337161F8C9BF300207EE0 /* GMStepper.swift */ = {isa = PBXFileReference; lastKnownFileType = sourcecode.swift; path = GMStepper.swift; sourceTree = "<group>"; };
		E9E3371A1F8CDD4B00207EE0 /* CartVC.swift */ = {isa = PBXFileReference; lastKnownFileType = sourcecode.swift; path = CartVC.swift; sourceTree = "<group>"; };
		E9E3371C1F8CDE9600207EE0 /* CartCell.swift */ = {isa = PBXFileReference; lastKnownFileType = sourcecode.swift; path = CartCell.swift; sourceTree = "<group>"; };
		E9E3371D1F8CDE9600207EE0 /* CartCell.xib */ = {isa = PBXFileReference; lastKnownFileType = file.xib; path = CartCell.xib; sourceTree = "<group>"; };
		E9E337201F8CF62E00207EE0 /* MyPurchaseVC.swift */ = {isa = PBXFileReference; lastKnownFileType = sourcecode.swift; path = MyPurchaseVC.swift; sourceTree = "<group>"; };
		E9E62C001F84B8F5008C9618 /* CategoryListVC.swift */ = {isa = PBXFileReference; lastKnownFileType = sourcecode.swift; path = CategoryListVC.swift; sourceTree = "<group>"; };
		E9E62C021F84B9B0008C9618 /* CategoryListCell.swift */ = {isa = PBXFileReference; lastKnownFileType = sourcecode.swift; path = CategoryListCell.swift; sourceTree = "<group>"; };
		E9E62C031F84B9B0008C9618 /* CategoryListCell.xib */ = {isa = PBXFileReference; lastKnownFileType = file.xib; path = CategoryListCell.xib; sourceTree = "<group>"; };
		E9E62C061F84DDC2008C9618 /* FavoriteListVC.swift */ = {isa = PBXFileReference; lastKnownFileType = sourcecode.swift; path = FavoriteListVC.swift; sourceTree = "<group>"; };
		E9E62C0B1F84EA0E008C9618 /* Date+Extension.swift */ = {isa = PBXFileReference; lastKnownFileType = sourcecode.swift; path = "Date+Extension.swift"; sourceTree = "<group>"; };
		E9E62C0C1F84EA0E008C9618 /* NSArray+Extension.swift */ = {isa = PBXFileReference; lastKnownFileType = sourcecode.swift; path = "NSArray+Extension.swift"; sourceTree = "<group>"; };
		E9E62C0D1F84EA0E008C9618 /* NSDictionary+Extension.swift */ = {isa = PBXFileReference; lastKnownFileType = sourcecode.swift; path = "NSDictionary+Extension.swift"; sourceTree = "<group>"; };
		E9E62C0E1F84EA0E008C9618 /* NSMutableArray+Extension.swift */ = {isa = PBXFileReference; lastKnownFileType = sourcecode.swift; path = "NSMutableArray+Extension.swift"; sourceTree = "<group>"; };
		E9E62C0F1F84EA0E008C9618 /* NSMutableDictionary+Extension.swift */ = {isa = PBXFileReference; lastKnownFileType = sourcecode.swift; path = "NSMutableDictionary+Extension.swift"; sourceTree = "<group>"; };
		E9E62C101F84EA0E008C9618 /* String+Extension.swift */ = {isa = PBXFileReference; lastKnownFileType = sourcecode.swift; path = "String+Extension.swift"; sourceTree = "<group>"; };
		E9E62C111F84EA0E008C9618 /* UIColor+Extension.swift */ = {isa = PBXFileReference; lastKnownFileType = sourcecode.swift; path = "UIColor+Extension.swift"; sourceTree = "<group>"; };
		E9E62C121F84EA0E008C9618 /* UIDevice+Extension.swift */ = {isa = PBXFileReference; lastKnownFileType = sourcecode.swift; path = "UIDevice+Extension.swift"; sourceTree = "<group>"; };
		E9E62C131F84EA0E008C9618 /* UIFont+Extension.swift */ = {isa = PBXFileReference; lastKnownFileType = sourcecode.swift; path = "UIFont+Extension.swift"; sourceTree = "<group>"; };
		E9E62C141F84EA0E008C9618 /* UIImage+Extension.swift */ = {isa = PBXFileReference; lastKnownFileType = sourcecode.swift; path = "UIImage+Extension.swift"; sourceTree = "<group>"; };
		E9E62C151F84EA0E008C9618 /* UINavigationController+Extension.swift */ = {isa = PBXFileReference; lastKnownFileType = sourcecode.swift; path = "UINavigationController+Extension.swift"; sourceTree = "<group>"; };
		E9E62C161F84EA0E008C9618 /* UITextField+Extension.swift */ = {isa = PBXFileReference; lastKnownFileType = sourcecode.swift; path = "UITextField+Extension.swift"; sourceTree = "<group>"; };
		E9E62C181F84EA0E008C9618 /* UserDefault+Extension.swift */ = {isa = PBXFileReference; lastKnownFileType = sourcecode.swift; path = "UserDefault+Extension.swift"; sourceTree = "<group>"; };
		E9E62C1B1F84F72D008C9618 /* UIViewController+extensions.swift */ = {isa = PBXFileReference; lastKnownFileType = sourcecode.swift; path = "UIViewController+extensions.swift"; sourceTree = "<group>"; };
		E9E62C1D1F84F7B2008C9618 /* FavoriteListCell.swift */ = {isa = PBXFileReference; lastKnownFileType = sourcecode.swift; path = FavoriteListCell.swift; sourceTree = "<group>"; };
		E9E62C1E1F84F7B2008C9618 /* FavoriteListCell.xib */ = {isa = PBXFileReference; lastKnownFileType = file.xib; path = FavoriteListCell.xib; sourceTree = "<group>"; };
/* End PBXFileReference section */

/* Begin PBXFrameworksBuildPhase section */
		E9BBA7EC1F7A623D00EF15A4 /* Frameworks */ = {
			isa = PBXFrameworksBuildPhase;
			buildActionMask = 2147483647;
			files = (
				39BB58D4C7E9CDB9783AC917 /* Pods_SegmentControllerDemo.framework in Frameworks */,
			);
			runOnlyForDeploymentPostprocessing = 0;
		};
		E9BBA8001F7A623E00EF15A4 /* Frameworks */ = {
			isa = PBXFrameworksBuildPhase;
			buildActionMask = 2147483647;
			files = (
				84BA8B4DED570204978EC1D8 /* Pods_SegmentControllerDemoTests.framework in Frameworks */,
			);
			runOnlyForDeploymentPostprocessing = 0;
		};
/* End PBXFrameworksBuildPhase section */

/* Begin PBXGroup section */
		A8A3399220191C5FF22BE4DB /* Frameworks */ = {
			isa = PBXGroup;
			children = (
				047F708EDDFEF5054134CFB4 /* Pods_SegmentControllerDemo.framework */,
				4194CC20F09AA58FF740704C /* Pods_SegmentControllerDemoTests.framework */,
			);
			name = Frameworks;
			sourceTree = "<group>";
		};
		C6C465B43B72D533FAA00A84 /* Pods */ = {
			isa = PBXGroup;
			children = (
				2ABE75B124C5047E2D3D3F5A /* Pods-SegmentControllerDemo.debug.xcconfig */,
				56B9B9262835FFD5D0FC2AD2 /* Pods-SegmentControllerDemo.release.xcconfig */,
				352E137CEB8836B0BBD4F834 /* Pods-SegmentControllerDemoTests.debug.xcconfig */,
				8ED6DCA3C3FF2E3477927F74 /* Pods-SegmentControllerDemoTests.release.xcconfig */,
			);
			name = Pods;
			sourceTree = "<group>";
		};
		E93B5EB81F83796100B370D6 /* CustomCell */ = {
			isa = PBXGroup;
			children = (
				E93B5EBF1F83838B00B370D6 /* DealCell.swift */,
				E93B5EC01F83838B00B370D6 /* DealCell.xib */,
				E93B5ED51F83891300B370D6 /* dealCollectionCell.swift */,
				E93B5ED61F83891300B370D6 /* dealCollectionCell.xib */,
				E93B5ED91F838A0200B370D6 /* ViewMoreCollectionViewCell.swift */,
				E93B5EDA1F838A0200B370D6 /* ViewMoreCollectionViewCell.xib */,
				E9E62C021F84B9B0008C9618 /* CategoryListCell.swift */,
				E9E62C031F84B9B0008C9618 /* CategoryListCell.xib */,
				E9E62C1D1F84F7B2008C9618 /* FavoriteListCell.swift */,
				E9E62C1E1F84F7B2008C9618 /* FavoriteListCell.xib */,
				E9BE12E11F8639B7005696E4 /* SettingCell.swift */,
				E9BE12E21F8639B7005696E4 /* SettingCell.xib */,
				E9BE12EF1F865F89005696E4 /* MyProfileExpandedCell.swift */,
				E9BE12F01F865F89005696E4 /* MyProfileExpandedCell.xib */,
				E9BE12F31F865FBC005696E4 /* MyProfileCollapsedCell.swift */,
				E9BE12F41F865FBC005696E4 /* MyProfileCollapsedCell.xib */,
				E95A3B291F87626A009F441D /* SubCategoryExpandedCell.swift */,
				E95A3B2A1F87626A009F441D /* SubCategoryExpandedCell.xib */,
				E95A3B2D1F876294009F441D /* SubCategoryCollapsedCell.swift */,
				E95A3B2E1F876294009F441D /* SubCategoryCollapsedCell.xib */,
				E95A3B331F87AA22009F441D /* FilterMainCategoryCell.swift */,
				E95A3B341F87AA22009F441D /* FilterMainCategoryCell.xib */,
				E95A3B371F87AC42009F441D /* FilterSubCategoryCell.swift */,
				E95A3B381F87AC42009F441D /* FilterSubCategoryCell.xib */,
				E9CBCF351F8B9A580038F111 /* DealDetailExpandedCell.swift */,
				E9CBCF361F8B9A580038F111 /* DealDetailExpandedCell.xib */,
				E9CBCF391F8B9B350038F111 /* DealDetailCollapsedCell.swift */,
				E9CBCF3A1F8B9B350038F111 /* DealDetailCollapsedCell.xib */,
				E9E337121F8C946C00207EE0 /* DealOfferCell.swift */,
				E9E337131F8C946C00207EE0 /* DealOfferCell.xib */,
				E9E3371C1F8CDE9600207EE0 /* CartCell.swift */,
				E9E3371D1F8CDE9600207EE0 /* CartCell.xib */,
				E926FE1F1F8F6866009629A2 /* NotificationCell.swift */,
				E926FE201F8F6866009629A2 /* NotificationCell.xib */,
				E926FE291F8F83B2009629A2 /* ReviewListCell.swift */,
				E926FE2A1F8F83B2009629A2 /* ReviewListCell.xib */,
				E9047F521F90F6D9008306F0 /* PurchaseActiveCell.swift */,
				E9047F531F90F6D9008306F0 /* PurchaseActiveCell.xib */,
				E95E3EF31F95FD1300A84106 /* PurchasePastCell.swift */,
				E95E3EF41F95FD1300A84106 /* PurchasePastCell.xib */,
			);
			path = CustomCell;
			sourceTree = "<group>";
		};
		E9BBA7E61F7A623D00EF15A4 = {
			isa = PBXGroup;
			children = (
				E9BBA7F11F7A623D00EF15A4 /* SegmentControllerDemo */,
				E9BBA8061F7A623E00EF15A4 /* SegmentControllerDemoTests */,
				E9BBA7F01F7A623D00EF15A4 /* Products */,
				C6C465B43B72D533FAA00A84 /* Pods */,
				A8A3399220191C5FF22BE4DB /* Frameworks */,
			);
			sourceTree = "<group>";
		};
		E9BBA7F01F7A623D00EF15A4 /* Products */ = {
			isa = PBXGroup;
			children = (
				E9BBA7EF1F7A623D00EF15A4 /* SegmentControllerDemo.app */,
				E9BBA8031F7A623E00EF15A4 /* SegmentControllerDemoTests.xctest */,
			);
			name = Products;
			sourceTree = "<group>";
		};
		E9BBA7F11F7A623D00EF15A4 /* SegmentControllerDemo */ = {
			isa = PBXGroup;
			children = (
				E9BE12D41F85F5DF005696E4 /* CustomClasses */,
				E9E62C1A1F84F6B0008C9618 /* Extensions */,
				E9E62C081F84EA0E008C9618 /* Extension */,
				E93B5EB81F83796100B370D6 /* CustomCell */,
				E9DF408B1F835FF000E1037D /* ThirdParty */,
				E9BBA8121F7A627700EF15A4 /* ScrollableSegmentedControl.swift */,
				E9BE12EB1F8643DF005696E4 /* HelpVC.swift */,
				E9BBA7F21F7A623D00EF15A4 /* AppDelegate.swift */,
				E9E62C001F84B8F5008C9618 /* CategoryListVC.swift */,
				E9BBA7F41F7A623D00EF15A4 /* ViewController.swift */,
				E9BBA7F61F7A623D00EF15A4 /* Main.storyboard */,
				E9BBA7F91F7A623D00EF15A4 /* Assets.xcassets */,
				E9BBA7FB1F7A623D00EF15A4 /* LaunchScreen.storyboard */,
				E9BBA7FE1F7A623D00EF15A4 /* Info.plist */,
				E9BBA8141F7A650E00EF15A4 /* RedViewController.swift */,
				E9BBA8161F7A651800EF15A4 /* GreenViewController.swift */,
				E9BBA8181F7A652A00EF15A4 /* BlueViewController.swift */,
				E93B5EDD1F8398CA00B370D6 /* SegmentControllerDemo-Bridging-Header.h */,
				E93B5EEF1F839B2900B370D6 /* ViewMoreVC.swift */,
				E9E62C061F84DDC2008C9618 /* FavoriteListVC.swift */,
				E9BE12D91F86025C005696E4 /* HomeVC.swift */,
				E9BE12DF1F862FFE005696E4 /* SettingVC.swift */,
				E9BE12E71F863D55005696E4 /* Constant.swift */,
				E9BE12ED1F86561A005696E4 /* MyProfileVC.swift */,
				E95A3B271F875F67009F441D /* SubCategoryVC.swift */,
				E95A3B311F8794A5009F441D /* FilterVC.swift */,
				E9CBCF331F8B93820038F111 /* DealDetailVC.swift */,
				E9E3371A1F8CDD4B00207EE0 /* CartVC.swift */,
				E9E337201F8CF62E00207EE0 /* MyPurchaseVC.swift */,
				E926FE1B1F8F64B7009629A2 /* NotificationListVC.swift */,
				E926FE1D1F8F65D9009629A2 /* Notification.storyboard */,
				E926FE231F8F6FEE009629A2 /* MyPurchase.storyboard */,
				E926FE2D1F8F8482009629A2 /* ReviewListVC.swift */,
				E95E3EF71F96001E00A84106 /* MyPurchasePastVC.swift */,
			);
			path = SegmentControllerDemo;
			sourceTree = "<group>";
		};
		E9BBA8061F7A623E00EF15A4 /* SegmentControllerDemoTests */ = {
			isa = PBXGroup;
			children = (
				E9BBA8071F7A623E00EF15A4 /* SegmentControllerDemoTests.swift */,
				E9BBA8091F7A623E00EF15A4 /* Info.plist */,
			);
			path = SegmentControllerDemoTests;
			sourceTree = "<group>";
		};
		E9BE12D41F85F5DF005696E4 /* CustomClasses */ = {
			isa = PBXGroup;
			children = (
				E9BE12D51F85F63A005696E4 /* AwfirLabel.swift */,
				E9BE12D71F85FDF0005696E4 /* AwfirButton.swift */,
			);
			path = CustomClasses;
			sourceTree = "<group>";
		};
		E9DF408B1F835FF000E1037D /* ThirdParty */ = {
			isa = PBXGroup;
			children = (
				E9E337161F8C9BF300207EE0 /* GMStepper.swift */,
				E93B5F351F83A22900B370D6 /* FloatRatingView.swift */,
				E9DF40881F834E7200E1037D /* TZScrollView.swift */,
				E9DF40871F834E7200E1037D /* TZSegmentedControl.swift */,
				E93BA3CB1F94CC6D009E147A /* AlertVC.swift */,
			);
			path = ThirdParty;
			sourceTree = "<group>";
		};
		E9E62C081F84EA0E008C9618 /* Extension */ = {
			isa = PBXGroup;
			children = (
				E9E62C0B1F84EA0E008C9618 /* Date+Extension.swift */,
				E9E62C0C1F84EA0E008C9618 /* NSArray+Extension.swift */,
				E9E62C0D1F84EA0E008C9618 /* NSDictionary+Extension.swift */,
				E9E62C0E1F84EA0E008C9618 /* NSMutableArray+Extension.swift */,
				E9E62C0F1F84EA0E008C9618 /* NSMutableDictionary+Extension.swift */,
				E9E62C101F84EA0E008C9618 /* String+Extension.swift */,
				E9E62C111F84EA0E008C9618 /* UIColor+Extension.swift */,
				E9E62C121F84EA0E008C9618 /* UIDevice+Extension.swift */,
				E9E62C131F84EA0E008C9618 /* UIFont+Extension.swift */,
				E9E62C141F84EA0E008C9618 /* UIImage+Extension.swift */,
				E9E62C151F84EA0E008C9618 /* UINavigationController+Extension.swift */,
				E9E62C161F84EA0E008C9618 /* UITextField+Extension.swift */,
				E9E62C181F84EA0E008C9618 /* UserDefault+Extension.swift */,
			);
			path = Extension;
			sourceTree = "<group>";
		};
		E9E62C1A1F84F6B0008C9618 /* Extensions */ = {
			isa = PBXGroup;
			children = (
				E9E62C1B1F84F72D008C9618 /* UIViewController+extensions.swift */,
				E9BE12DB1F8609C5005696E4 /* UINavigation+Extensions.swift */,
				E9BE12DD1F860A02005696E4 /* UIFont+Extensions.swift */,
				E9BE12E51F863D2B005696E4 /* CGFloat+Extensions.swift */,
				E93BA3C91F94C08C009E147A /* UIImage+Extensions.swift */,
				E95E3EF11F95D47300A84106 /* String+Extensions.swift */,
			);
			path = Extensions;
			sourceTree = "<group>";
		};
/* End PBXGroup section */

/* Begin PBXNativeTarget section */
		E9BBA7EE1F7A623D00EF15A4 /* SegmentControllerDemo */ = {
			isa = PBXNativeTarget;
			buildConfigurationList = E9BBA80C1F7A623E00EF15A4 /* Build configuration list for PBXNativeTarget "SegmentControllerDemo" */;
			buildPhases = (
				7AFCA333EBEDFB6EB24DBF79 /* [CP] Check Pods Manifest.lock */,
				E9BBA7EB1F7A623D00EF15A4 /* Sources */,
				E9BBA7EC1F7A623D00EF15A4 /* Frameworks */,
				E9BBA7ED1F7A623D00EF15A4 /* Resources */,
				AD93914769CCC1B05190D411 /* [CP] Embed Pods Frameworks */,
				5D09B667E80E53E3ADDFA46F /* [CP] Copy Pods Resources */,
			);
			buildRules = (
			);
			dependencies = (
			);
			name = SegmentControllerDemo;
			productName = SegmentControllerDemo;
			productReference = E9BBA7EF1F7A623D00EF15A4 /* SegmentControllerDemo.app */;
			productType = "com.apple.product-type.application";
		};
		E9BBA8021F7A623E00EF15A4 /* SegmentControllerDemoTests */ = {
			isa = PBXNativeTarget;
			buildConfigurationList = E9BBA80F1F7A623E00EF15A4 /* Build configuration list for PBXNativeTarget "SegmentControllerDemoTests" */;
			buildPhases = (
				FCADB032A4270103878D798A /* [CP] Check Pods Manifest.lock */,
				E9BBA7FF1F7A623E00EF15A4 /* Sources */,
				E9BBA8001F7A623E00EF15A4 /* Frameworks */,
				E9BBA8011F7A623E00EF15A4 /* Resources */,
				28815DA9282E365BD164BE38 /* [CP] Embed Pods Frameworks */,
				E7E26BE7F4C73A3D0958D396 /* [CP] Copy Pods Resources */,
			);
			buildRules = (
			);
			dependencies = (
				E9BBA8051F7A623E00EF15A4 /* PBXTargetDependency */,
			);
			name = SegmentControllerDemoTests;
			productName = SegmentControllerDemoTests;
			productReference = E9BBA8031F7A623E00EF15A4 /* SegmentControllerDemoTests.xctest */;
			productType = "com.apple.product-type.bundle.unit-test";
		};
/* End PBXNativeTarget section */

/* Begin PBXProject section */
		E9BBA7E71F7A623D00EF15A4 /* Project object */ = {
			isa = PBXProject;
			attributes = {
				LastSwiftUpdateCheck = 0830;
				LastUpgradeCheck = 0830;
				ORGANIZATIONNAME = CreoleStudios;
				TargetAttributes = {
					E9BBA7EE1F7A623D00EF15A4 = {
						CreatedOnToolsVersion = 8.3.3;
						DevelopmentTeam = EZ4V48EFUL;
						ProvisioningStyle = Automatic;
					};
					E9BBA8021F7A623E00EF15A4 = {
						CreatedOnToolsVersion = 8.3.3;
						ProvisioningStyle = Automatic;
						TestTargetID = E9BBA7EE1F7A623D00EF15A4;
					};
				};
			};
			buildConfigurationList = E9BBA7EA1F7A623D00EF15A4 /* Build configuration list for PBXProject "SegmentControllerDemo" */;
			compatibilityVersion = "Xcode 3.2";
			developmentRegion = English;
			hasScannedForEncodings = 0;
			knownRegions = (
				en,
				Base,
			);
			mainGroup = E9BBA7E61F7A623D00EF15A4;
			productRefGroup = E9BBA7F01F7A623D00EF15A4 /* Products */;
			projectDirPath = "";
			projectRoot = "";
			targets = (
				E9BBA7EE1F7A623D00EF15A4 /* SegmentControllerDemo */,
				E9BBA8021F7A623E00EF15A4 /* SegmentControllerDemoTests */,
			);
		};
/* End PBXProject section */

/* Begin PBXResourcesBuildPhase section */
		E9BBA7ED1F7A623D00EF15A4 /* Resources */ = {
			isa = PBXResourcesBuildPhase;
			buildActionMask = 2147483647;
			files = (
				E95A3B361F87AA22009F441D /* FilterMainCategoryCell.xib in Resources */,
				E9BE12F21F865F89005696E4 /* MyProfileExpandedCell.xib in Resources */,
				E95A3B301F876294009F441D /* SubCategoryCollapsedCell.xib in Resources */,
				E9CBCF3C1F8B9B350038F111 /* DealDetailCollapsedCell.xib in Resources */,
				E9E337151F8C946C00207EE0 /* DealOfferCell.xib in Resources */,
				E9BBA7FD1F7A623D00EF15A4 /* LaunchScreen.storyboard in Resources */,
				E9047F551F90F6D9008306F0 /* PurchaseActiveCell.xib in Resources */,
				E9E62C201F84F7B2008C9618 /* FavoriteListCell.xib in Resources */,
				E926FE241F8F6FEE009629A2 /* MyPurchase.storyboard in Resources */,
				E926FE2C1F8F83B2009629A2 /* ReviewListCell.xib in Resources */,
				E9BBA7FA1F7A623D00EF15A4 /* Assets.xcassets in Resources */,
				E93B5EDC1F838A0200B370D6 /* ViewMoreCollectionViewCell.xib in Resources */,
				E926FE1E1F8F65D9009629A2 /* Notification.storyboard in Resources */,
				E9E3371F1F8CDE9600207EE0 /* CartCell.xib in Resources */,
				E926FE221F8F6866009629A2 /* NotificationCell.xib in Resources */,
				E9BE12E41F8639B7005696E4 /* SettingCell.xib in Resources */,
				E9E62C051F84B9B0008C9618 /* CategoryListCell.xib in Resources */,
				E9BE12F61F865FBC005696E4 /* MyProfileCollapsedCell.xib in Resources */,
				E9BBA7F81F7A623D00EF15A4 /* Main.storyboard in Resources */,
				E95A3B2C1F87626A009F441D /* SubCategoryExpandedCell.xib in Resources */,
				E95E3EF61F95FD1300A84106 /* PurchasePastCell.xib in Resources */,
				E93B5ED81F83891300B370D6 /* dealCollectionCell.xib in Resources */,
				E9CBCF381F8B9A580038F111 /* DealDetailExpandedCell.xib in Resources */,
				E93B5EC21F83838B00B370D6 /* DealCell.xib in Resources */,
				E95A3B3A1F87AC42009F441D /* FilterSubCategoryCell.xib in Resources */,
			);
			runOnlyForDeploymentPostprocessing = 0;
		};
		E9BBA8011F7A623E00EF15A4 /* Resources */ = {
			isa = PBXResourcesBuildPhase;
			buildActionMask = 2147483647;
			files = (
			);
			runOnlyForDeploymentPostprocessing = 0;
		};
/* End PBXResourcesBuildPhase section */

/* Begin PBXShellScriptBuildPhase section */
		28815DA9282E365BD164BE38 /* [CP] Embed Pods Frameworks */ = {
			isa = PBXShellScriptBuildPhase;
			buildActionMask = 2147483647;
			files = (
			);
			inputPaths = (
			);
			name = "[CP] Embed Pods Frameworks";
			outputPaths = (
			);
			runOnlyForDeploymentPostprocessing = 0;
			shellPath = /bin/sh;
			shellScript = "\"${SRCROOT}/Pods/Target Support Files/Pods-SegmentControllerDemoTests/Pods-SegmentControllerDemoTests-frameworks.sh\"\n";
			showEnvVarsInLog = 0;
		};
		5D09B667E80E53E3ADDFA46F /* [CP] Copy Pods Resources */ = {
			isa = PBXShellScriptBuildPhase;
			buildActionMask = 2147483647;
			files = (
			);
			inputPaths = (
			);
			name = "[CP] Copy Pods Resources";
			outputPaths = (
			);
			runOnlyForDeploymentPostprocessing = 0;
			shellPath = /bin/sh;
			shellScript = "\"${SRCROOT}/Pods/Target Support Files/Pods-SegmentControllerDemo/Pods-SegmentControllerDemo-resources.sh\"\n";
			showEnvVarsInLog = 0;
		};
		7AFCA333EBEDFB6EB24DBF79 /* [CP] Check Pods Manifest.lock */ = {
			isa = PBXShellScriptBuildPhase;
			buildActionMask = 2147483647;
			files = (
			);
			inputPaths = (
			);
			name = "[CP] Check Pods Manifest.lock";
			outputPaths = (
			);
			runOnlyForDeploymentPostprocessing = 0;
			shellPath = /bin/sh;
			shellScript = "diff \"${PODS_PODFILE_DIR_PATH}/Podfile.lock\" \"${PODS_ROOT}/Manifest.lock\" > /dev/null\nif [ $? != 0 ] ; then\n    # print error to STDERR\n    echo \"error: The sandbox is not in sync with the Podfile.lock. Run 'pod install' or update your CocoaPods installation.\" >&2\n    exit 1\nfi\n";
			showEnvVarsInLog = 0;
		};
		AD93914769CCC1B05190D411 /* [CP] Embed Pods Frameworks */ = {
			isa = PBXShellScriptBuildPhase;
			buildActionMask = 2147483647;
			files = (
			);
			inputPaths = (
			);
			name = "[CP] Embed Pods Frameworks";
			outputPaths = (
			);
			runOnlyForDeploymentPostprocessing = 0;
			shellPath = /bin/sh;
			shellScript = "\"${SRCROOT}/Pods/Target Support Files/Pods-SegmentControllerDemo/Pods-SegmentControllerDemo-frameworks.sh\"\n";
			showEnvVarsInLog = 0;
		};
		E7E26BE7F4C73A3D0958D396 /* [CP] Copy Pods Resources */ = {
			isa = PBXShellScriptBuildPhase;
			buildActionMask = 2147483647;
			files = (
			);
			inputPaths = (
			);
			name = "[CP] Copy Pods Resources";
			outputPaths = (
			);
			runOnlyForDeploymentPostprocessing = 0;
			shellPath = /bin/sh;
			shellScript = "\"${SRCROOT}/Pods/Target Support Files/Pods-SegmentControllerDemoTests/Pods-SegmentControllerDemoTests-resources.sh\"\n";
			showEnvVarsInLog = 0;
		};
		FCADB032A4270103878D798A /* [CP] Check Pods Manifest.lock */ = {
			isa = PBXShellScriptBuildPhase;
			buildActionMask = 2147483647;
			files = (
			);
			inputPaths = (
			);
			name = "[CP] Check Pods Manifest.lock";
			outputPaths = (
			);
			runOnlyForDeploymentPostprocessing = 0;
			shellPath = /bin/sh;
			shellScript = "diff \"${PODS_PODFILE_DIR_PATH}/Podfile.lock\" \"${PODS_ROOT}/Manifest.lock\" > /dev/null\nif [ $? != 0 ] ; then\n    # print error to STDERR\n    echo \"error: The sandbox is not in sync with the Podfile.lock. Run 'pod install' or update your CocoaPods installation.\" >&2\n    exit 1\nfi\n";
			showEnvVarsInLog = 0;
		};
/* End PBXShellScriptBuildPhase section */

/* Begin PBXSourcesBuildPhase section */
		E9BBA7EB1F7A623D00EF15A4 /* Sources */ = {
			isa = PBXSourcesBuildPhase;
			buildActionMask = 2147483647;
			files = (
				E9E3371B1F8CDD4B00207EE0 /* CartVC.swift in Sources */,
				E9E337141F8C946C00207EE0 /* DealOfferCell.swift in Sources */,
				E9E62C011F84B8F5008C9618 /* CategoryListVC.swift in Sources */,
				E9BE12EC1F8643DF005696E4 /* HelpVC.swift in Sources */,
				E9BE12E01F862FFE005696E4 /* SettingVC.swift in Sources */,
				E9BBA8151F7A650E00EF15A4 /* RedViewController.swift in Sources */,
				E93B5EDB1F838A0200B370D6 /* ViewMoreCollectionViewCell.swift in Sources */,
				E93B5ED71F83891300B370D6 /* dealCollectionCell.swift in Sources */,
				E9BE12F11F865F89005696E4 /* MyProfileExpandedCell.swift in Sources */,
				E9BE12F51F865FBC005696E4 /* MyProfileCollapsedCell.swift in Sources */,
				E95A3B351F87AA22009F441D /* FilterMainCategoryCell.swift in Sources */,
				E9E62C071F84DDC2008C9618 /* FavoriteListVC.swift in Sources */,
				E9BE12D81F85FDF0005696E4 /* AwfirButton.swift in Sources */,
				E9BE12D61F85F63A005696E4 /* AwfirLabel.swift in Sources */,
				E9E337171F8C9BF300207EE0 /* GMStepper.swift in Sources */,
				E9E3371E1F8CDE9600207EE0 /* CartCell.swift in Sources */,
				E9BE12DC1F8609C5005696E4 /* UINavigation+Extensions.swift in Sources */,
				E9BBA8131F7A627700EF15A4 /* ScrollableSegmentedControl.swift in Sources */,
				E9BE12DE1F860A02005696E4 /* UIFont+Extensions.swift in Sources */,
				E9CBCF341F8B93820038F111 /* DealDetailVC.swift in Sources */,
				E9BBA7F51F7A623D00EF15A4 /* ViewController.swift in Sources */,
				E926FE1C1F8F64B7009629A2 /* NotificationListVC.swift in Sources */,
				E95A3B321F8794A5009F441D /* FilterVC.swift in Sources */,
				E95A3B281F875F67009F441D /* SubCategoryVC.swift in Sources */,
				E9047F541F90F6D9008306F0 /* PurchaseActiveCell.swift in Sources */,
				E9BBA7F31F7A623D00EF15A4 /* AppDelegate.swift in Sources */,
				E9DF40891F834E7300E1037D /* TZSegmentedControl.swift in Sources */,
				E95E3EF21F95D47300A84106 /* String+Extensions.swift in Sources */,
				E9BE12E61F863D2B005696E4 /* CGFloat+Extensions.swift in Sources */,
				E9CBCF371F8B9A580038F111 /* DealDetailExpandedCell.swift in Sources */,
				E93BA3CC1F94CC6D009E147A /* AlertVC.swift in Sources */,
				E95A3B391F87AC42009F441D /* FilterSubCategoryCell.swift in Sources */,
				E926FE2B1F8F83B2009629A2 /* ReviewListCell.swift in Sources */,
				E9CBCF3B1F8B9B350038F111 /* DealDetailCollapsedCell.swift in Sources */,
				E9DF408A1F834E7300E1037D /* TZScrollView.swift in Sources */,
				E95A3B2F1F876294009F441D /* SubCategoryCollapsedCell.swift in Sources */,
				E9E62C041F84B9B0008C9618 /* CategoryListCell.swift in Sources */,
				E926FE2E1F8F8482009629A2 /* ReviewListVC.swift in Sources */,
				E95E3EF51F95FD1300A84106 /* PurchasePastCell.swift in Sources */,
				E9E62C1F1F84F7B2008C9618 /* FavoriteListCell.swift in Sources */,
				E9BE12EE1F86561B005696E4 /* MyProfileVC.swift in Sources */,
				E9E337211F8CF62E00207EE0 /* MyPurchaseVC.swift in Sources */,
				E93B5EC11F83838B00B370D6 /* DealCell.swift in Sources */,
				E95A3B2B1F87626A009F441D /* SubCategoryExpandedCell.swift in Sources */,
				E9BE12E31F8639B7005696E4 /* SettingCell.swift in Sources */,
				E9BE12E81F863D55005696E4 /* Constant.swift in Sources */,
				E95E3EF81F96001E00A84106 /* MyPurchasePastVC.swift in Sources */,
				E9BE12DA1F86025C005696E4 /* HomeVC.swift in Sources */,
				E9BBA8191F7A652A00EF15A4 /* BlueViewController.swift in Sources */,
				E93B5EF01F839B2900B370D6 /* ViewMoreVC.swift in Sources */,
				E93B5F361F83A22A00B370D6 /* FloatRatingView.swift in Sources */,
				E926FE211F8F6866009629A2 /* NotificationCell.swift in Sources */,
				E93BA3CA1F94C08C009E147A /* UIImage+Extensions.swift in Sources */,
				E9E62C1C1F84F72D008C9618 /* UIViewController+extensions.swift in Sources */,
				E9BBA8171F7A651800EF15A4 /* GreenViewController.swift in Sources */,
			);
			runOnlyForDeploymentPostprocessing = 0;
		};
		E9BBA7FF1F7A623E00EF15A4 /* Sources */ = {
			isa = PBXSourcesBuildPhase;
			buildActionMask = 2147483647;
			files = (
				E9BBA8081F7A623E00EF15A4 /* SegmentControllerDemoTests.swift in Sources */,
			);
			runOnlyForDeploymentPostprocessing = 0;
		};
/* End PBXSourcesBuildPhase section */

/* Begin PBXTargetDependency section */
		E9BBA8051F7A623E00EF15A4 /* PBXTargetDependency */ = {
			isa = PBXTargetDependency;
			target = E9BBA7EE1F7A623D00EF15A4 /* SegmentControllerDemo */;
			targetProxy = E9BBA8041F7A623E00EF15A4 /* PBXContainerItemProxy */;
		};
/* End PBXTargetDependency section */

/* Begin PBXVariantGroup section */
		E9BBA7F61F7A623D00EF15A4 /* Main.storyboard */ = {
			isa = PBXVariantGroup;
			children = (
				E9BBA7F71F7A623D00EF15A4 /* Base */,
			);
			name = Main.storyboard;
			sourceTree = "<group>";
		};
		E9BBA7FB1F7A623D00EF15A4 /* LaunchScreen.storyboard */ = {
			isa = PBXVariantGroup;
			children = (
				E9BBA7FC1F7A623D00EF15A4 /* Base */,
			);
			name = LaunchScreen.storyboard;
			sourceTree = "<group>";
		};
/* End PBXVariantGroup section */

/* Begin XCBuildConfiguration section */
		E9BBA80A1F7A623E00EF15A4 /* Debug */ = {
			isa = XCBuildConfiguration;
			buildSettings = {
				ALWAYS_SEARCH_USER_PATHS = NO;
				CLANG_ANALYZER_NONNULL = YES;
				CLANG_ANALYZER_NUMBER_OBJECT_CONVERSION = YES_AGGRESSIVE;
				CLANG_CXX_LANGUAGE_STANDARD = "gnu++0x";
				CLANG_CXX_LIBRARY = "libc++";
				CLANG_ENABLE_MODULES = YES;
				CLANG_ENABLE_OBJC_ARC = YES;
				CLANG_WARN_BOOL_CONVERSION = YES;
				CLANG_WARN_CONSTANT_CONVERSION = YES;
				CLANG_WARN_DIRECT_OBJC_ISA_USAGE = YES_ERROR;
				CLANG_WARN_DOCUMENTATION_COMMENTS = YES;
				CLANG_WARN_EMPTY_BODY = YES;
				CLANG_WARN_ENUM_CONVERSION = YES;
				CLANG_WARN_INFINITE_RECURSION = YES;
				CLANG_WARN_INT_CONVERSION = YES;
				CLANG_WARN_OBJC_ROOT_CLASS = YES_ERROR;
				CLANG_WARN_SUSPICIOUS_MOVE = YES;
				CLANG_WARN_UNREACHABLE_CODE = YES;
				CLANG_WARN__DUPLICATE_METHOD_MATCH = YES;
				"CODE_SIGN_IDENTITY[sdk=iphoneos*]" = "iPhone Developer";
				COPY_PHASE_STRIP = NO;
				DEBUG_INFORMATION_FORMAT = dwarf;
				ENABLE_STRICT_OBJC_MSGSEND = YES;
				ENABLE_TESTABILITY = YES;
				GCC_C_LANGUAGE_STANDARD = gnu99;
				GCC_DYNAMIC_NO_PIC = NO;
				GCC_NO_COMMON_BLOCKS = YES;
				GCC_OPTIMIZATION_LEVEL = 0;
				GCC_PREPROCESSOR_DEFINITIONS = (
					"DEBUG=1",
					"$(inherited)",
				);
				GCC_WARN_64_TO_32_BIT_CONVERSION = YES;
				GCC_WARN_ABOUT_RETURN_TYPE = YES_ERROR;
				GCC_WARN_UNDECLARED_SELECTOR = YES;
				GCC_WARN_UNINITIALIZED_AUTOS = YES_AGGRESSIVE;
				GCC_WARN_UNUSED_FUNCTION = YES;
				GCC_WARN_UNUSED_VARIABLE = YES;
				IPHONEOS_DEPLOYMENT_TARGET = 10.3;
				MTL_ENABLE_DEBUG_INFO = YES;
				ONLY_ACTIVE_ARCH = YES;
				SDKROOT = iphoneos;
				SWIFT_ACTIVE_COMPILATION_CONDITIONS = DEBUG;
				SWIFT_OBJC_BRIDGING_HEADER = "";
				"SWIFT_OBJC_BRIDGING_HEADER[arch=*]" = "";
				SWIFT_OPTIMIZATION_LEVEL = "-Onone";
			};
			name = Debug;
		};
		E9BBA80B1F7A623E00EF15A4 /* Release */ = {
			isa = XCBuildConfiguration;
			buildSettings = {
				ALWAYS_SEARCH_USER_PATHS = NO;
				CLANG_ANALYZER_NONNULL = YES;
				CLANG_ANALYZER_NUMBER_OBJECT_CONVERSION = YES_AGGRESSIVE;
				CLANG_CXX_LANGUAGE_STANDARD = "gnu++0x";
				CLANG_CXX_LIBRARY = "libc++";
				CLANG_ENABLE_MODULES = YES;
				CLANG_ENABLE_OBJC_ARC = YES;
				CLANG_WARN_BOOL_CONVERSION = YES;
				CLANG_WARN_CONSTANT_CONVERSION = YES;
				CLANG_WARN_DIRECT_OBJC_ISA_USAGE = YES_ERROR;
				CLANG_WARN_DOCUMENTATION_COMMENTS = YES;
				CLANG_WARN_EMPTY_BODY = YES;
				CLANG_WARN_ENUM_CONVERSION = YES;
				CLANG_WARN_INFINITE_RECURSION = YES;
				CLANG_WARN_INT_CONVERSION = YES;
				CLANG_WARN_OBJC_ROOT_CLASS = YES_ERROR;
				CLANG_WARN_SUSPICIOUS_MOVE = YES;
				CLANG_WARN_UNREACHABLE_CODE = YES;
				CLANG_WARN__DUPLICATE_METHOD_MATCH = YES;
				"CODE_SIGN_IDENTITY[sdk=iphoneos*]" = "iPhone Developer";
				COPY_PHASE_STRIP = NO;
				DEBUG_INFORMATION_FORMAT = "dwarf-with-dsym";
				ENABLE_NS_ASSERTIONS = NO;
				ENABLE_STRICT_OBJC_MSGSEND = YES;
				GCC_C_LANGUAGE_STANDARD = gnu99;
				GCC_NO_COMMON_BLOCKS = YES;
				GCC_WARN_64_TO_32_BIT_CONVERSION = YES;
				GCC_WARN_ABOUT_RETURN_TYPE = YES_ERROR;
				GCC_WARN_UNDECLARED_SELECTOR = YES;
				GCC_WARN_UNINITIALIZED_AUTOS = YES_AGGRESSIVE;
				GCC_WARN_UNUSED_FUNCTION = YES;
				GCC_WARN_UNUSED_VARIABLE = YES;
				IPHONEOS_DEPLOYMENT_TARGET = 10.3;
				MTL_ENABLE_DEBUG_INFO = NO;
				SDKROOT = iphoneos;
				SWIFT_OBJC_BRIDGING_HEADER = "";
				SWIFT_OPTIMIZATION_LEVEL = "-Owholemodule";
				VALIDATE_PRODUCT = YES;
			};
			name = Release;
		};
		E9BBA80D1F7A623E00EF15A4 /* Debug */ = {
			isa = XCBuildConfiguration;
			baseConfigurationReference = 2ABE75B124C5047E2D3D3F5A /* Pods-SegmentControllerDemo.debug.xcconfig */;
			buildSettings = {
				ASSETCATALOG_COMPILER_APPICON_NAME = AppIcon;
				"CODE_SIGN_IDENTITY[sdk=iphoneos*]" = "iPhone Developer";
				CODE_SIGN_STYLE = Automatic;
				DEVELOPMENT_TEAM = EZ4V48EFUL;
				INFOPLIST_FILE = SegmentControllerDemo/Info.plist;
				LD_RUNPATH_SEARCH_PATHS = "$(inherited) @executable_path/Frameworks";
				PRODUCT_BUNDLE_IDENTIFIER = com.creole.segmentControllerDemo;
				PRODUCT_NAME = "$(TARGET_NAME)";
				PROVISIONING_PROFILE_SPECIFIER = "";
				SWIFT_OBJC_BRIDGING_HEADER = "SegmentControllerDemo/SegmentControllerDemo-Bridging-Header.h";
				SWIFT_VERSION = 3.0;
			};
			name = Debug;
		};
		E9BBA80E1F7A623E00EF15A4 /* Release */ = {
			isa = XCBuildConfiguration;
			baseConfigurationReference = 56B9B9262835FFD5D0FC2AD2 /* Pods-SegmentControllerDemo.release.xcconfig */;
			buildSettings = {
				ASSETCATALOG_COMPILER_APPICON_NAME = AppIcon;
				"CODE_SIGN_IDENTITY[sdk=iphoneos*]" = "iPhone Developer";
				CODE_SIGN_STYLE = Automatic;
				DEVELOPMENT_TEAM = EZ4V48EFUL;
				INFOPLIST_FILE = SegmentControllerDemo/Info.plist;
				LD_RUNPATH_SEARCH_PATHS = "$(inherited) @executable_path/Frameworks";
				PRODUCT_BUNDLE_IDENTIFIER = com.creole.segmentControllerDemo;
				PRODUCT_NAME = "$(TARGET_NAME)";
				PROVISIONING_PROFILE_SPECIFIER = "";
				SWIFT_OBJC_BRIDGING_HEADER = "SegmentControllerDemo/SegmentControllerDemo-Bridging-Header.h";
				SWIFT_VERSION = 3.0;
			};
			name = Release;
		};
		E9BBA8101F7A623E00EF15A4 /* Debug */ = {
			isa = XCBuildConfiguration;
			baseConfigurationReference = 352E137CEB8836B0BBD4F834 /* Pods-SegmentControllerDemoTests.debug.xcconfig */;
			buildSettings = {
				ALWAYS_EMBED_SWIFT_STANDARD_LIBRARIES = YES;
				BUNDLE_LOADER = "$(TEST_HOST)";
				INFOPLIST_FILE = SegmentControllerDemoTests/Info.plist;
				LD_RUNPATH_SEARCH_PATHS = "$(inherited) @executable_path/Frameworks @loader_path/Frameworks";
				PRODUCT_BUNDLE_IDENTIFIER = com.creolestudios.SegmentControllerDemoTests;
				PRODUCT_NAME = "$(TARGET_NAME)";
				SWIFT_VERSION = 3.0;
				TEST_HOST = "$(BUILT_PRODUCTS_DIR)/SegmentControllerDemo.app/SegmentControllerDemo";
			};
			name = Debug;
		};
		E9BBA8111F7A623E00EF15A4 /* Release */ = {
			isa = XCBuildConfiguration;
			baseConfigurationReference = 8ED6DCA3C3FF2E3477927F74 /* Pods-SegmentControllerDemoTests.release.xcconfig */;
			buildSettings = {
				ALWAYS_EMBED_SWIFT_STANDARD_LIBRARIES = YES;
				BUNDLE_LOADER = "$(TEST_HOST)";
				INFOPLIST_FILE = SegmentControllerDemoTests/Info.plist;
				LD_RUNPATH_SEARCH_PATHS = "$(inherited) @executable_path/Frameworks @loader_path/Frameworks";
				PRODUCT_BUNDLE_IDENTIFIER = com.creolestudios.SegmentControllerDemoTests;
				PRODUCT_NAME = "$(TARGET_NAME)";
				SWIFT_VERSION = 3.0;
				TEST_HOST = "$(BUILT_PRODUCTS_DIR)/SegmentControllerDemo.app/SegmentControllerDemo";
			};
			name = Release;
		};
/* End XCBuildConfiguration section */

/* Begin XCConfigurationList section */
		E9BBA7EA1F7A623D00EF15A4 /* Build configuration list for PBXProject "SegmentControllerDemo" */ = {
			isa = XCConfigurationList;
			buildConfigurations = (
				E9BBA80A1F7A623E00EF15A4 /* Debug */,
				E9BBA80B1F7A623E00EF15A4 /* Release */,
			);
			defaultConfigurationIsVisible = 0;
			defaultConfigurationName = Release;
		};
		E9BBA80C1F7A623E00EF15A4 /* Build configuration list for PBXNativeTarget "SegmentControllerDemo" */ = {
			isa = XCConfigurationList;
			buildConfigurations = (
				E9BBA80D1F7A623E00EF15A4 /* Debug */,
				E9BBA80E1F7A623E00EF15A4 /* Release */,
			);
			defaultConfigurationIsVisible = 0;
			defaultConfigurationName = Release;
		};
		E9BBA80F1F7A623E00EF15A4 /* Build configuration list for PBXNativeTarget "SegmentControllerDemoTests" */ = {
			isa = XCConfigurationList;
			buildConfigurations = (
				E9BBA8101F7A623E00EF15A4 /* Debug */,
				E9BBA8111F7A623E00EF15A4 /* Release */,
			);
			defaultConfigurationIsVisible = 0;
			defaultConfigurationName = Release;
		};
/* End XCConfigurationList section */
	};
	rootObject = E9BBA7E71F7A623D00EF15A4 /* Project object */;
}
